
Microsoft Visual Studio Solution File, Format Version 12.00
# Visual Studio Version 17
VisualStudioVersion = 17.4.33103.184
MinimumVisualStudioVersion = 10.0.40219.1
Project("{FAE04EC0-301F-11D3-BF4B-00C04F79EFBC}") = "Iterator", "Iterator\Iterator.csproj", "{DDCE820A-09A2-43B9-84ED-BCD140525FCB}"
EndProject
Global
	GlobalSection(SolutionConfigurationPlatforms) = preSolution
		Debug|Any CPU = Debug|Any CPU
		Release|Any CPU = Release|Any CPU
	EndGlobalSection
	GlobalSection(ProjectConfigurationPlatforms) = postSolution
		{DDCE820A-09A2-43B9-84ED-BCD140525FCB}.Debug|Any CPU.ActiveCfg = Debug|Any CPU
		{DDCE820A-09A2-43B9-84ED-BCD140525FCB}.Debug|Any CPU.Build.0 = Debug|Any CPU
		{DDCE820A-09A2-43B9-84ED-BCD140525FCB}.Release|Any CPU.ActiveCfg = Release|Any CPU
		{DDCE820A-09A2-43B9-84ED-BCD140525FCB}.Release|Any CPU.Build.0 = Release|Any CPU
	EndGlobalSection
	GlobalSection(SolutionProperties) = preSolution
		HideSolutionNode = FALSE
	EndGlobalSection
	GlobalSection(ExtensibilityGlobals) = postSolution
		SolutionGuid = {E89E2E54-894A-4602-844A-C9327BCDDD9F}
	EndGlobalSection
EndGlobal
